
Microsoft Visual Studio Solution File, Format Version 12.00
# Visual Studio Version 17
VisualStudioVersion = 17.2.32210.308
MinimumVisualStudioVersion = 10.0.40219.1
Project("{2150E333-8FDC-42A3-9474-1A3956D46DE8}") = "Solution Items", "Solution Items", "{B520C700-7D45-4D82-BFB5-218FA68CF5CF}"
	ProjectSection(SolutionItems) = preProject
		.editorconfig = .editorconfig
		appveyor.yml = appveyor.yml
		Directory.Build.props = Directory.Build.props
		global.json = global.json
	EndProjectSection
EndProject
Project("{9A19103F-16F7-4668-BE54-9A1E7A4F7556}") = "Argon", "Argon\Argon.csproj", "{A97A4CB3-51AD-4605-BA9F-D6861E582C85}"
EndProject
Project("{9A19103F-16F7-4668-BE54-9A1E7A4F7556}") = "ArgonTests", "ArgonTests\ArgonTests.csproj", "{462EA9B9-8532-4330-9160-DF3450C70880}"
EndProject
Project("{9A19103F-16F7-4668-BE54-9A1E7A4F7556}") = "Benchmark.Tests", "Benchmark.Tests\Benchmark.Tests.csproj", "{3CC9C2DF-CD0A-4096-BF46-B4AFDF0147D2}"
EndProject
Project("{9A19103F-16F7-4668-BE54-9A1E7A4F7556}") = "Argon.Xml", "Argon.Xml\Argon.Xml.csproj", "{3B19DA3C-F5A4-41EC-A7A1-EE2641673183}"
EndProject
Project("{9A19103F-16F7-4668-BE54-9A1E7A4F7556}") = "Argon.DataSets", "Argon.DataSets\Argon.DataSets.csproj", "{179C8829-5401-4205-866C-F24D616F70A2}"
EndProject
Project("{9A19103F-16F7-4668-BE54-9A1E7A4F7556}") = "Argon.JsonPath", "Argon.JsonPath\Argon.JsonPath.csproj", "{5705E5CF-E410-4510-AB3C-4FCC4E4BC991}"
EndProject
Project("{9A19103F-16F7-4668-BE54-9A1E7A4F7556}") = "Argon.NodaTime", "Argon.NodaTime\Argon.NodaTime.csproj", "{63A6C5B9-CE2A-4117-AA05-B8EC7A6AA521}"
EndProject
Project("{9A19103F-16F7-4668-BE54-9A1E7A4F7556}") = "Argon.FSharp", "Argon.FSharp\Argon.FSharp.csproj", "{5C3567D2-B8AB-4679-8E44-C5862F56E49B}"
EndProject
Project("{F2A71F9B-5D33-465A-A702-920D77279786}") = "Argon.FSharp.Tests", "Argon.FSharp.Tests\Argon.FSharp.Tests.fsproj", "{48D5E2FB-0F62-41D9-A3F6-79E31A13F1D7}"
EndProject
Global
	GlobalSection(SolutionConfigurationPlatforms) = preSolution
		Debug|Any CPU = Debug|Any CPU
		DebugNet8|Any CPU = DebugNet8|Any CPU
		Release|Any CPU = Release|Any CPU
	EndGlobalSection
	GlobalSection(ProjectConfigurationPlatforms) = postSolution
		{A97A4CB3-51AD-4605-BA9F-D6861E582C85}.Debug|Any CPU.ActiveCfg = Debug|Any CPU
		{A97A4CB3-51AD-4605-BA9F-D6861E582C85}.Debug|Any CPU.Build.0 = Debug|Any CPU
		{A97A4CB3-51AD-4605-BA9F-D6861E582C85}.DebugNet8|Any CPU.ActiveCfg = DebugNet8|Any CPU
		{A97A4CB3-51AD-4605-BA9F-D6861E582C85}.DebugNet8|Any CPU.Build.0 = DebugNet8|Any CPU
		{A97A4CB3-51AD-4605-BA9F-D6861E582C85}.Release|Any CPU.ActiveCfg = Release|Any CPU
		{A97A4CB3-51AD-4605-BA9F-D6861E582C85}.Release|Any CPU.Build.0 = Release|Any CPU
		{462EA9B9-8532-4330-9160-DF3450C70880}.Debug|Any CPU.ActiveCfg = Debug|Any CPU
		{462EA9B9-8532-4330-9160-DF3450C70880}.Debug|Any CPU.Build.0 = Debug|Any CPU
		{462EA9B9-8532-4330-9160-DF3450C70880}.DebugNet8|Any CPU.ActiveCfg = DebugNet8|Any CPU
		{462EA9B9-8532-4330-9160-DF3450C70880}.DebugNet8|Any CPU.Build.0 = DebugNet8|Any CPU
		{462EA9B9-8532-4330-9160-DF3450C70880}.Release|Any CPU.ActiveCfg = Release|Any CPU
		{462EA9B9-8532-4330-9160-DF3450C70880}.Release|Any CPU.Build.0 = Release|Any CPU
		{3CC9C2DF-CD0A-4096-BF46-B4AFDF0147D2}.Debug|Any CPU.ActiveCfg = Debug|Any CPU
		{3CC9C2DF-CD0A-4096-BF46-B4AFDF0147D2}.Debug|Any CPU.Build.0 = Debug|Any CPU
		{3CC9C2DF-CD0A-4096-BF46-B4AFDF0147D2}.DebugNet8|Any CPU.ActiveCfg = DebugNet8|Any CPU
		{3CC9C2DF-CD0A-4096-BF46-B4AFDF0147D2}.DebugNet8|Any CPU.Build.0 = DebugNet8|Any CPU
		{3CC9C2DF-CD0A-4096-BF46-B4AFDF0147D2}.Release|Any CPU.ActiveCfg = Release|Any CPU
		{3CC9C2DF-CD0A-4096-BF46-B4AFDF0147D2}.Release|Any CPU.Build.0 = Release|Any CPU
		{3B19DA3C-F5A4-41EC-A7A1-EE2641673183}.Debug|Any CPU.ActiveCfg = Debug|Any CPU
		{3B19DA3C-F5A4-41EC-A7A1-EE2641673183}.Debug|Any CPU.Build.0 = Debug|Any CPU
		{3B19DA3C-F5A4-41EC-A7A1-EE2641673183}.DebugNet8|Any CPU.ActiveCfg = DebugNet8|Any CPU
		{3B19DA3C-F5A4-41EC-A7A1-EE2641673183}.DebugNet8|Any CPU.Build.0 = DebugNet8|Any CPU
		{3B19DA3C-F5A4-41EC-A7A1-EE2641673183}.Release|Any CPU.ActiveCfg = Release|Any CPU
		{3B19DA3C-F5A4-41EC-A7A1-EE2641673183}.Release|Any CPU.Build.0 = Release|Any CPU
		{179C8829-5401-4205-866C-F24D616F70A2}.Debug|Any CPU.ActiveCfg = Debug|Any CPU
		{179C8829-5401-4205-866C-F24D616F70A2}.Debug|Any CPU.Build.0 = Debug|Any CPU
		{179C8829-5401-4205-866C-F24D616F70A2}.DebugNet8|Any CPU.ActiveCfg = DebugNet8|Any CPU
		{179C8829-5401-4205-866C-F24D616F70A2}.DebugNet8|Any CPU.Build.0 = DebugNet8|Any CPU
		{179C8829-5401-4205-866C-F24D616F70A2}.Release|Any CPU.ActiveCfg = Release|Any CPU
		{179C8829-5401-4205-866C-F24D616F70A2}.Release|Any CPU.Build.0 = Release|Any CPU
		{5705E5CF-E410-4510-AB3C-4FCC4E4BC991}.Debug|Any CPU.ActiveCfg = Debug|Any CPU
		{5705E5CF-E410-4510-AB3C-4FCC4E4BC991}.Debug|Any CPU.Build.0 = Debug|Any CPU
		{5705E5CF-E410-4510-AB3C-4FCC4E4BC991}.DebugNet8|Any CPU.ActiveCfg = DebugNet8|Any CPU
		{5705E5CF-E410-4510-AB3C-4FCC4E4BC991}.DebugNet8|Any CPU.Build.0 = DebugNet8|Any CPU
		{5705E5CF-E410-4510-AB3C-4FCC4E4BC991}.Release|Any CPU.ActiveCfg = Release|Any CPU
		{5705E5CF-E410-4510-AB3C-4FCC4E4BC991}.Release|Any CPU.Build.0 = Release|Any CPU
		{63A6C5B9-CE2A-4117-AA05-B8EC7A6AA521}.Debug|Any CPU.ActiveCfg = Debug|Any CPU
		{63A6C5B9-CE2A-4117-AA05-B8EC7A6AA521}.Debug|Any CPU.Build.0 = Debug|Any CPU
		{63A6C5B9-CE2A-4117-AA05-B8EC7A6AA521}.DebugNet8|Any CPU.ActiveCfg = DebugNet8|Any CPU
		{63A6C5B9-CE2A-4117-AA05-B8EC7A6AA521}.DebugNet8|Any CPU.Build.0 = DebugNet8|Any CPU
		{63A6C5B9-CE2A-4117-AA05-B8EC7A6AA521}.Release|Any CPU.ActiveCfg = Release|Any CPU
		{63A6C5B9-CE2A-4117-AA05-B8EC7A6AA521}.Release|Any CPU.Build.0 = Release|Any CPU
		{5C3567D2-B8AB-4679-8E44-C5862F56E49B}.Debug|Any CPU.ActiveCfg = Debug|Any CPU
		{5C3567D2-B8AB-4679-8E44-C5862F56E49B}.Debug|Any CPU.Build.0 = Debug|Any CPU
		{5C3567D2-B8AB-4679-8E44-C5862F56E49B}.DebugNet8|Any CPU.ActiveCfg = DebugNet8|Any CPU
		{5C3567D2-B8AB-4679-8E44-C5862F56E49B}.DebugNet8|Any CPU.Build.0 = DebugNet8|Any CPU
		{5C3567D2-B8AB-4679-8E44-C5862F56E49B}.Release|Any CPU.ActiveCfg = Release|Any CPU
		{5C3567D2-B8AB-4679-8E44-C5862F56E49B}.Release|Any CPU.Build.0 = Release|Any CPU
		{48D5E2FB-0F62-41D9-A3F6-79E31A13F1D7}.Debug|Any CPU.ActiveCfg = Debug|Any CPU
		{48D5E2FB-0F62-41D9-A3F6-79E31A13F1D7}.Debug|Any CPU.Build.0 = Debug|Any CPU
		{48D5E2FB-0F62-41D9-A3F6-79E31A13F1D7}.DebugNet8|Any CPU.ActiveCfg = DebugNet8|Any CPU
		{48D5E2FB-0F62-41D9-A3F6-79E31A13F1D7}.DebugNet8|Any CPU.Build.0 = DebugNet8|Any CPU
		{48D5E2FB-0F62-41D9-A3F6-79E31A13F1D7}.Release|Any CPU.ActiveCfg = Release|Any CPU
		{48D5E2FB-0F62-41D9-A3F6-79E31A13F1D7}.Release|Any CPU.Build.0 = Release|Any CPU
	EndGlobalSection
	GlobalSection(SolutionProperties) = preSolution
		HideSolutionNode = FALSE
	EndGlobalSection
	GlobalSection(ExtensibilityGlobals) = postSolution
		SolutionGuid = {225F391C-701E-49A2-8193-085EC2586689}
	EndGlobalSection
EndGlobal
